{
  "name": "notify-io",
  "version": "0.0.0",
  "lockfileVersion": 1,
  "requires": true,
  "dependencies": {
    "funx-js": {
      "version": "0.0.11",
      "resolved": "https://registry.npmjs.org/funx-js/-/funx-js-0.0.11.tgz",
      "integrity": "sha512-/kAH1NZKqODeJtbQxAxi17ySoqEY2T3cQBTPJe0jlAwaKThuRNE5V9PhPV/3BBT8ilN1qD1Tqg8OsomuPry8Rw=="
    }
  }
}
